
Microsoft Visual Studio Solution File, Format Version 12.00
# Visual Studio Version 16
VisualStudioVersion = 16.0.31424.327
MinimumVisualStudioVersion = 10.0.40219.1
Project("{FAE04EC0-301F-11D3-BF4B-00C04F79EFBC}") = "WindowsFormsApp6", "WindowsFormsApp6\WindowsFormsApp6.csproj", "{8F80C396-1349-4F94-85F6-741319A28F94}"
EndProject
Global
	GlobalSection(SolutionConfigurationPlatforms) = preSolution
		Debug|Any CPU = Debug|Any CPU
		Release|Any CPU = Release|Any CPU
	EndGlobalSection
	GlobalSection(ProjectConfigurationPlatforms) = postSolution
		{8F80C396-1349-4F94-85F6-741319A28F94}.Debug|Any CPU.ActiveCfg = Debug|Any CPU
		{8F80C396-1349-4F94-85F6-741319A28F94}.Debug|Any CPU.Build.0 = Debug|Any CPU
		{8F80C396-1349-4F94-85F6-741319A28F94}.Release|Any CPU.ActiveCfg = Release|Any CPU
		{8F80C396-1349-4F94-85F6-741319A28F94}.Release|Any CPU.Build.0 = Release|Any CPU
	EndGlobalSection
	GlobalSection(SolutionProperties) = preSolution
		HideSolutionNode = FALSE
	EndGlobalSection
	GlobalSection(ExtensibilityGlobals) = postSolution
		SolutionGuid = {B0EDB467-9E9D-489B-9CD0-D01536392EF0}
	EndGlobalSection
EndGlobal
